
Microsoft Visual Studio Solution File, Format Version 12.00
# Visual Studio Version 16
VisualStudioVersion = 16.0.31424.327
MinimumVisualStudioVersion = 10.0.40219.1
Project("{2150E333-8FDC-42A3-9474-1A3956D46DE8}") = "Source", "Source", "{AF3AC25A-CBDA-4F19-A66F-83D1808AA2A6}"
EndProject
Project("{2150E333-8FDC-42A3-9474-1A3956D46DE8}") = "Runners", "Runners", "{63D35148-2F88-4C92-A907-AF69DF3E539A}"
EndProject
Project("{9A19103F-16F7-4668-BE54-9A1E7A4F7556}") = "Soundr.PlayerApi", "Source\Runners\Soundr.PlayerApi\Soundr.PlayerApi.csproj", "{C025F00C-3635-4CB1-9963-D1FB64735C7C}"
EndProject
Project("{2150E333-8FDC-42A3-9474-1A3956D46DE8}") = "Modules", "Modules", "{1BF4A525-B04D-49FF-BD2E-DAD21044DFAD}"
EndProject
Project("{9A19103F-16F7-4668-BE54-9A1E7A4F7556}") = "Soundr.Commons", "Source\Modules\Soundr.Commons\Soundr.Commons.csproj", "{0EC1F48F-D47A-47EB-A60C-55AF1FB76207}"
EndProject
Project("{9A19103F-16F7-4668-BE54-9A1E7A4F7556}") = "Soundr.YouTube", "Source\Modules\Soundr.YouTube\Soundr.YouTube.csproj", "{45667A8E-A385-4A22-8D5F-CE0768364823}"
EndProject
Project("{9A19103F-16F7-4668-BE54-9A1E7A4F7556}") = "PlayerWasm", "Source\Runners\PlayerWasm\PlayerWasm.csproj", "{4507818D-5DB0-4A2F-AA91-1FD0AFE4405C}"
EndProject
Project("{FAE04EC0-301F-11D3-BF4B-00C04F79EFBC}") = "Soundr.Tidal", "Source\Modules\Soundr.Tidal\Soundr.Tidal.csproj", "{00C4C06C-97BE-4019-BB5D-2762C5BC56E9}"
EndProject
Project("{FAE04EC0-301F-11D3-BF4B-00C04F79EFBC}") = "Polygon", "Source\Runners\Polygon\Polygon.csproj", "{9F84A360-6A69-4424-8931-93E1EA4997B4}"
EndProject
Project("{2150E333-8FDC-42A3-9474-1A3956D46DE8}") = "Libraries", "Libraries", "{9833C2EB-EFEA-4FF8-BA6D-18C4CD3B72D8}"
EndProject
Project("{FAE04EC0-301F-11D3-BF4B-00C04F79EFBC}") = "OpenTidl.Core", "Source\OpenTidl.Core\OpenTidl.Core.csproj", "{990F31E7-57FC-4D92-89AC-60061409E1FC}"
EndProject
Project("{FAE04EC0-301F-11D3-BF4B-00C04F79EFBC}") = "Soundr.Manager", "Source\Runners\Soundr.Manager\Soundr.Manager.csproj", "{7233DDA3-A1BE-4A07-84B6-03993DFFFEE8}"
EndProject
Global
	GlobalSection(SolutionConfigurationPlatforms) = preSolution
		Debug|Any CPU = Debug|Any CPU
		Release|Any CPU = Release|Any CPU
	EndGlobalSection
	GlobalSection(ProjectConfigurationPlatforms) = postSolution
		{C025F00C-3635-4CB1-9963-D1FB64735C7C}.Debug|Any CPU.ActiveCfg = Debug|Any CPU
		{C025F00C-3635-4CB1-9963-D1FB64735C7C}.Debug|Any CPU.Build.0 = Debug|Any CPU
		{C025F00C-3635-4CB1-9963-D1FB64735C7C}.Release|Any CPU.ActiveCfg = Release|Any CPU
		{C025F00C-3635-4CB1-9963-D1FB64735C7C}.Release|Any CPU.Build.0 = Release|Any CPU
		{0EC1F48F-D47A-47EB-A60C-55AF1FB76207}.Debug|Any CPU.ActiveCfg = Debug|Any CPU
		{0EC1F48F-D47A-47EB-A60C-55AF1FB76207}.Debug|Any CPU.Build.0 = Debug|Any CPU
		{0EC1F48F-D47A-47EB-A60C-55AF1FB76207}.Release|Any CPU.ActiveCfg = Release|Any CPU
		{0EC1F48F-D47A-47EB-A60C-55AF1FB76207}.Release|Any CPU.Build.0 = Release|Any CPU
		{45667A8E-A385-4A22-8D5F-CE0768364823}.Debug|Any CPU.ActiveCfg = Debug|Any CPU
		{45667A8E-A385-4A22-8D5F-CE0768364823}.Debug|Any CPU.Build.0 = Debug|Any CPU
		{45667A8E-A385-4A22-8D5F-CE0768364823}.Release|Any CPU.ActiveCfg = Release|Any CPU
		{45667A8E-A385-4A22-8D5F-CE0768364823}.Release|Any CPU.Build.0 = Release|Any CPU
		{4507818D-5DB0-4A2F-AA91-1FD0AFE4405C}.Debug|Any CPU.ActiveCfg = Debug|Any CPU
		{4507818D-5DB0-4A2F-AA91-1FD0AFE4405C}.Debug|Any CPU.Build.0 = Debug|Any CPU
		{4507818D-5DB0-4A2F-AA91-1FD0AFE4405C}.Release|Any CPU.ActiveCfg = Release|Any CPU
		{4507818D-5DB0-4A2F-AA91-1FD0AFE4405C}.Release|Any CPU.Build.0 = Release|Any CPU
		{00C4C06C-97BE-4019-BB5D-2762C5BC56E9}.Debug|Any CPU.ActiveCfg = Debug|Any CPU
		{00C4C06C-97BE-4019-BB5D-2762C5BC56E9}.Debug|Any CPU.Build.0 = Debug|Any CPU
		{00C4C06C-97BE-4019-BB5D-2762C5BC56E9}.Release|Any CPU.ActiveCfg = Release|Any CPU
		{00C4C06C-97BE-4019-BB5D-2762C5BC56E9}.Release|Any CPU.Build.0 = Release|Any CPU
		{9F84A360-6A69-4424-8931-93E1EA4997B4}.Debug|Any CPU.ActiveCfg = Debug|Any CPU
		{9F84A360-6A69-4424-8931-93E1EA4997B4}.Debug|Any CPU.Build.0 = Debug|Any CPU
		{9F84A360-6A69-4424-8931-93E1EA4997B4}.Release|Any CPU.ActiveCfg = Release|Any CPU
		{9F84A360-6A69-4424-8931-93E1EA4997B4}.Release|Any CPU.Build.0 = Release|Any CPU
		{990F31E7-57FC-4D92-89AC-60061409E1FC}.Debug|Any CPU.ActiveCfg = Debug|Any CPU
		{990F31E7-57FC-4D92-89AC-60061409E1FC}.Debug|Any CPU.Build.0 = Debug|Any CPU
		{990F31E7-57FC-4D92-89AC-60061409E1FC}.Release|Any CPU.ActiveCfg = Release|Any CPU
		{990F31E7-57FC-4D92-89AC-60061409E1FC}.Release|Any CPU.Build.0 = Release|Any CPU
		{7233DDA3-A1BE-4A07-84B6-03993DFFFEE8}.Debug|Any CPU.ActiveCfg = Debug|Any CPU
		{7233DDA3-A1BE-4A07-84B6-03993DFFFEE8}.Debug|Any CPU.Build.0 = Debug|Any CPU
		{7233DDA3-A1BE-4A07-84B6-03993DFFFEE8}.Release|Any CPU.ActiveCfg = Release|Any CPU
		{7233DDA3-A1BE-4A07-84B6-03993DFFFEE8}.Release|Any CPU.Build.0 = Release|Any CPU
	EndGlobalSection
	GlobalSection(SolutionProperties) = preSolution
		HideSolutionNode = FALSE
	EndGlobalSection
	GlobalSection(NestedProjects) = preSolution
		{63D35148-2F88-4C92-A907-AF69DF3E539A} = {AF3AC25A-CBDA-4F19-A66F-83D1808AA2A6}
		{C025F00C-3635-4CB1-9963-D1FB64735C7C} = {63D35148-2F88-4C92-A907-AF69DF3E539A}
		{1BF4A525-B04D-49FF-BD2E-DAD21044DFAD} = {AF3AC25A-CBDA-4F19-A66F-83D1808AA2A6}
		{0EC1F48F-D47A-47EB-A60C-55AF1FB76207} = {1BF4A525-B04D-49FF-BD2E-DAD21044DFAD}
		{45667A8E-A385-4A22-8D5F-CE0768364823} = {1BF4A525-B04D-49FF-BD2E-DAD21044DFAD}
		{4507818D-5DB0-4A2F-AA91-1FD0AFE4405C} = {63D35148-2F88-4C92-A907-AF69DF3E539A}
		{00C4C06C-97BE-4019-BB5D-2762C5BC56E9} = {1BF4A525-B04D-49FF-BD2E-DAD21044DFAD}
		{9F84A360-6A69-4424-8931-93E1EA4997B4} = {63D35148-2F88-4C92-A907-AF69DF3E539A}
		{9833C2EB-EFEA-4FF8-BA6D-18C4CD3B72D8} = {AF3AC25A-CBDA-4F19-A66F-83D1808AA2A6}
		{990F31E7-57FC-4D92-89AC-60061409E1FC} = {9833C2EB-EFEA-4FF8-BA6D-18C4CD3B72D8}
		{7233DDA3-A1BE-4A07-84B6-03993DFFFEE8} = {63D35148-2F88-4C92-A907-AF69DF3E539A}
	EndGlobalSection
	GlobalSection(ExtensibilityGlobals) = postSolution
		SolutionGuid = {5CA7AC79-E4D7-4FC2-B1BC-B5878831E593}
	EndGlobalSection
EndGlobal
